
Microsoft Visual Studio Solution File, Format Version 12.00
# Visual Studio Version 17
VisualStudioVersion = 17.8.34511.84
MinimumVisualStudioVersion = 10.0.40219.1
Project("{FAE04EC0-301F-11D3-BF4B-00C04F79EFBC}") = "Server", "Server\Server.csproj", "{B7D7FA2D-8D97-4FA2-8367-E9EAE09558E1}"
EndProject
Global
	GlobalSection(SolutionConfigurationPlatforms) = preSolution
		Debug|Any CPU = Debug|Any CPU
		Release|Any CPU = Release|Any CPU
	EndGlobalSection
	GlobalSection(ProjectConfigurationPlatforms) = postSolution
		{B7D7FA2D-8D97-4FA2-8367-E9EAE09558E1}.Debug|Any CPU.ActiveCfg = Debug|Any CPU
		{B7D7FA2D-8D97-4FA2-8367-E9EAE09558E1}.Debug|Any CPU.Build.0 = Debug|Any CPU
		{B7D7FA2D-8D97-4FA2-8367-E9EAE09558E1}.Release|Any CPU.ActiveCfg = Release|Any CPU
		{B7D7FA2D-8D97-4FA2-8367-E9EAE09558E1}.Release|Any CPU.Build.0 = Release|Any CPU
	EndGlobalSection
	GlobalSection(SolutionProperties) = preSolution
		HideSolutionNode = FALSE
	EndGlobalSection
	GlobalSection(ExtensibilityGlobals) = postSolution
		SolutionGuid = {A72BB155-F40D-40B7-85F1-B86EFD97D5DB}
	EndGlobalSection
EndGlobal
